
Microsoft Visual Studio Solution File, Format Version 12.00
# Visual Studio Version 16
VisualStudioVersion = 16.0.31019.35
MinimumVisualStudioVersion = 10.0.40219.1
Project("{FAE04EC0-301F-11D3-BF4B-00C04F79EFBC}") = "ORMExplore", "ORMExplore\ORMExplore.csproj", "{A2063B04-D758-4D85-97B2-BC4E293C59F1}"
EndProject
Project("{FAE04EC0-301F-11D3-BF4B-00C04F79EFBC}") = "Model", "Model\Model.csproj", "{D7B023A0-4DB2-4F46-A0CD-295A34C74E97}"
EndProject
Project("{FAE04EC0-301F-11D3-BF4B-00C04F79EFBC}") = "DAL", "DAL\DAL.csproj", "{8C29E52E-3904-44BC-99BA-0CBBD32AC31E}"
EndProject
Project("{FAE04EC0-301F-11D3-BF4B-00C04F79EFBC}") = "Frameworks", "Frameworks\Frameworks.csproj", "{D9CC55AE-0B47-4F97-814F-72F7AE674B29}"
EndProject
Global
	GlobalSection(SolutionConfigurationPlatforms) = preSolution
		Debug|Any CPU = Debug|Any CPU
		Release|Any CPU = Release|Any CPU
	EndGlobalSection
	GlobalSection(ProjectConfigurationPlatforms) = postSolution
		{A2063B04-D758-4D85-97B2-BC4E293C59F1}.Debug|Any CPU.ActiveCfg = Debug|Any CPU
		{A2063B04-D758-4D85-97B2-BC4E293C59F1}.Debug|Any CPU.Build.0 = Debug|Any CPU
		{A2063B04-D758-4D85-97B2-BC4E293C59F1}.Release|Any CPU.ActiveCfg = Release|Any CPU
		{A2063B04-D758-4D85-97B2-BC4E293C59F1}.Release|Any CPU.Build.0 = Release|Any CPU
		{D7B023A0-4DB2-4F46-A0CD-295A34C74E97}.Debug|Any CPU.ActiveCfg = Debug|Any CPU
		{D7B023A0-4DB2-4F46-A0CD-295A34C74E97}.Debug|Any CPU.Build.0 = Debug|Any CPU
		{D7B023A0-4DB2-4F46-A0CD-295A34C74E97}.Release|Any CPU.ActiveCfg = Release|Any CPU
		{D7B023A0-4DB2-4F46-A0CD-295A34C74E97}.Release|Any CPU.Build.0 = Release|Any CPU
		{8C29E52E-3904-44BC-99BA-0CBBD32AC31E}.Debug|Any CPU.ActiveCfg = Debug|Any CPU
		{8C29E52E-3904-44BC-99BA-0CBBD32AC31E}.Debug|Any CPU.Build.0 = Debug|Any CPU
		{8C29E52E-3904-44BC-99BA-0CBBD32AC31E}.Release|Any CPU.ActiveCfg = Release|Any CPU
		{8C29E52E-3904-44BC-99BA-0CBBD32AC31E}.Release|Any CPU.Build.0 = Release|Any CPU
		{D9CC55AE-0B47-4F97-814F-72F7AE674B29}.Debug|Any CPU.ActiveCfg = Debug|Any CPU
		{D9CC55AE-0B47-4F97-814F-72F7AE674B29}.Debug|Any CPU.Build.0 = Debug|Any CPU
		{D9CC55AE-0B47-4F97-814F-72F7AE674B29}.Release|Any CPU.ActiveCfg = Release|Any CPU
		{D9CC55AE-0B47-4F97-814F-72F7AE674B29}.Release|Any CPU.Build.0 = Release|Any CPU
	EndGlobalSection
	GlobalSection(SolutionProperties) = preSolution
		HideSolutionNode = FALSE
	EndGlobalSection
	GlobalSection(ExtensibilityGlobals) = postSolution
		SolutionGuid = {DC03AEF2-1650-45E6-9F0F-7F7546E0A9BF}
	EndGlobalSection
EndGlobal
